
Microsoft Visual Studio Solution File, Format Version 12.00
# Visual Studio Version 17
VisualStudioVersion = 17.3.32819.101
MinimumVisualStudioVersion = 10.0.40219.1
Project("{9A19103F-16F7-4668-BE54-9A1E7A4F7556}") = "FasilDonationAPI", "FasilDonationAPI.csproj", "{9C1A230D-FB7F-4F02-908E-A71F92A182F5}"
EndProject
Project("{FAE04EC0-301F-11D3-BF4B-00C04F79EFBC}") = "XAPI", "XAPI\XAPI.csproj", "{898AE86E-4A36-4ADE-94C4-7CFE1DD2A8B9}"
EndProject
Global
	GlobalSection(SolutionConfigurationPlatforms) = preSolution
		Debug|Any CPU = Debug|Any CPU
		Release|Any CPU = Release|Any CPU
	EndGlobalSection
	GlobalSection(ProjectConfigurationPlatforms) = postSolution
		{9C1A230D-FB7F-4F02-908E-A71F92A182F5}.Debug|Any CPU.ActiveCfg = Debug|Any CPU
		{9C1A230D-FB7F-4F02-908E-A71F92A182F5}.Debug|Any CPU.Build.0 = Debug|Any CPU
		{9C1A230D-FB7F-4F02-908E-A71F92A182F5}.Release|Any CPU.ActiveCfg = Release|Any CPU
		{9C1A230D-FB7F-4F02-908E-A71F92A182F5}.Release|Any CPU.Build.0 = Release|Any CPU
		{898AE86E-4A36-4ADE-94C4-7CFE1DD2A8B9}.Debug|Any CPU.ActiveCfg = Debug|Any CPU
		{898AE86E-4A36-4ADE-94C4-7CFE1DD2A8B9}.Debug|Any CPU.Build.0 = Debug|Any CPU
		{898AE86E-4A36-4ADE-94C4-7CFE1DD2A8B9}.Release|Any CPU.ActiveCfg = Release|Any CPU
		{898AE86E-4A36-4ADE-94C4-7CFE1DD2A8B9}.Release|Any CPU.Build.0 = Release|Any CPU
	EndGlobalSection
	GlobalSection(SolutionProperties) = preSolution
		HideSolutionNode = FALSE
	EndGlobalSection
	GlobalSection(ExtensibilityGlobals) = postSolution
		SolutionGuid = {9D6920A8-5BE7-4406-B366-2F245FA271D0}
	EndGlobalSection
EndGlobal
